
Microsoft Visual Studio Solution File, Format Version 12.00
# Visual Studio Version 16
VisualStudioVersion = 25.0.1706.4
MinimumVisualStudioVersion = 10.0.40219.1
Project("{FAE04EC0-301F-11D3-BF4B-00C04F79EFBC}") = "HTTP_Server", "HTTP_Server.csproj", "{E42066E8-AD69-488A-8031-B32E6A6C3E7A}"
EndProject
Global
	GlobalSection(SolutionConfigurationPlatforms) = preSolution
		Debug|Any CPU = Debug|Any CPU
		Release|Any CPU = Release|Any CPU
	EndGlobalSection
	GlobalSection(ProjectConfigurationPlatforms) = postSolution
		{E42066E8-AD69-488A-8031-B32E6A6C3E7A}.Debug|Any CPU.ActiveCfg = Debug|Any CPU
		{E42066E8-AD69-488A-8031-B32E6A6C3E7A}.Debug|Any CPU.Build.0 = Debug|Any CPU
		{E42066E8-AD69-488A-8031-B32E6A6C3E7A}.Release|Any CPU.ActiveCfg = Release|Any CPU
		{E42066E8-AD69-488A-8031-B32E6A6C3E7A}.Release|Any CPU.Build.0 = Release|Any CPU
	EndGlobalSection
	GlobalSection(SolutionProperties) = preSolution
		HideSolutionNode = FALSE
	EndGlobalSection
	GlobalSection(ExtensibilityGlobals) = postSolution
		SolutionGuid = {2627628A-8300-4663-BB92-DB4DFAC97CFC}
	EndGlobalSection
EndGlobal
